
Microsoft Visual Studio Solution File, Format Version 12.00
# Visual Studio Version 17
VisualStudioVersion = 17.13.35825.156 d17.13
MinimumVisualStudioVersion = 10.0.40219.1
Project("{FAE04EC0-301F-11D3-BF4B-00C04F79EFBC}") = "05-AbstractClassPolymorphismForEach", "05-AbstractClassPolymorphismForEach.csproj", "{BC17814F-AAB9-4A62-8B4F-1C625742B435}"
EndProject
Global
	GlobalSection(SolutionConfigurationPlatforms) = preSolution
		Debug|Any CPU = Debug|Any CPU
		Release|Any CPU = Release|Any CPU
	EndGlobalSection
	GlobalSection(ProjectConfigurationPlatforms) = postSolution
		{BC17814F-AAB9-4A62-8B4F-1C625742B435}.Debug|Any CPU.ActiveCfg = Debug|Any CPU
		{BC17814F-AAB9-4A62-8B4F-1C625742B435}.Debug|Any CPU.Build.0 = Debug|Any CPU
		{BC17814F-AAB9-4A62-8B4F-1C625742B435}.Release|Any CPU.ActiveCfg = Release|Any CPU
		{BC17814F-AAB9-4A62-8B4F-1C625742B435}.Release|Any CPU.Build.0 = Release|Any CPU
	EndGlobalSection
	GlobalSection(SolutionProperties) = preSolution
		HideSolutionNode = FALSE
	EndGlobalSection
	GlobalSection(ExtensibilityGlobals) = postSolution
		SolutionGuid = {9189912B-D037-4169-8435-DD07F46D6F3D}
	EndGlobalSection
EndGlobal
