
Microsoft Visual Studio Solution File, Format Version 12.00
# Visual Studio Version 17
VisualStudioVersion = 17.13.35825.156 d17.13
MinimumVisualStudioVersion = 10.0.40219.1
Project("{FAE04EC0-301F-11D3-BF4B-00C04F79EFBC}") = "02-HeapStackRefOutArrayResize", "02-HeapStackRefOutArrayResize.csproj", "{FBE18519-D57E-4032-9217-B2F2FE0690A0}"
EndProject
Global
	GlobalSection(SolutionConfigurationPlatforms) = preSolution
		Debug|Any CPU = Debug|Any CPU
		Release|Any CPU = Release|Any CPU
	EndGlobalSection
	GlobalSection(ProjectConfigurationPlatforms) = postSolution
		{FBE18519-D57E-4032-9217-B2F2FE0690A0}.Debug|Any CPU.ActiveCfg = Debug|Any CPU
		{FBE18519-D57E-4032-9217-B2F2FE0690A0}.Debug|Any CPU.Build.0 = Debug|Any CPU
		{FBE18519-D57E-4032-9217-B2F2FE0690A0}.Release|Any CPU.ActiveCfg = Release|Any CPU
		{FBE18519-D57E-4032-9217-B2F2FE0690A0}.Release|Any CPU.Build.0 = Release|Any CPU
	EndGlobalSection
	GlobalSection(SolutionProperties) = preSolution
		HideSolutionNode = FALSE
	EndGlobalSection
	GlobalSection(ExtensibilityGlobals) = postSolution
		SolutionGuid = {F98899A6-9E15-4BD5-9327-EF00EB9E9E0C}
	EndGlobalSection
EndGlobal
