
Microsoft Visual Studio Solution File, Format Version 12.00
# Visual Studio Version 17
VisualStudioVersion = 17.13.35825.156 d17.13
MinimumVisualStudioVersion = 10.0.40219.1
Project("{FAE04EC0-301F-11D3-BF4B-00C04F79EFBC}") = "03-ObjectClassConstructorInheritanceThisvsBase", "03-ObjectClassConstructorInheritanceThisvsBase.csproj", "{3B172781-50CD-43E4-B570-F3942B233A60}"
EndProject
Global
	GlobalSection(SolutionConfigurationPlatforms) = preSolution
		Debug|Any CPU = Debug|Any CPU
		Release|Any CPU = Release|Any CPU
	EndGlobalSection
	GlobalSection(ProjectConfigurationPlatforms) = postSolution
		{3B172781-50CD-43E4-B570-F3942B233A60}.Debug|Any CPU.ActiveCfg = Debug|Any CPU
		{3B172781-50CD-43E4-B570-F3942B233A60}.Debug|Any CPU.Build.0 = Debug|Any CPU
		{3B172781-50CD-43E4-B570-F3942B233A60}.Release|Any CPU.ActiveCfg = Release|Any CPU
		{3B172781-50CD-43E4-B570-F3942B233A60}.Release|Any CPU.Build.0 = Release|Any CPU
	EndGlobalSection
	GlobalSection(SolutionProperties) = preSolution
		HideSolutionNode = FALSE
	EndGlobalSection
	GlobalSection(ExtensibilityGlobals) = postSolution
		SolutionGuid = {0757EB8F-69C7-45CB-9663-8D3E663661CB}
	EndGlobalSection
EndGlobal
